
Microsoft Visual Studio Solution File, Format Version 12.00
# Visual Studio Version 16
VisualStudioVersion = 16.0.29318.209
MinimumVisualStudioVersion = 10.0.40219.1
Project("{FAE04EC0-301F-11D3-BF4B-00C04F79EFBC}") = "FirstLesson", "FirstLesson\FirstLesson.csproj", "{EAB766FB-6FE5-4728-927E-0D5BD8874DD2}"
EndProject
Project("{FAE04EC0-301F-11D3-BF4B-00C04F79EFBC}") = "DataAccess", "DataAccess\DataAccess.csproj", "{4F031DE5-EB70-4567-89EB-296D881A9B13}"
EndProject
Project("{FAE04EC0-301F-11D3-BF4B-00C04F79EFBC}") = "Models", "Models\Models.csproj", "{96DAD293-4885-4339-AAA8-3F0FE3980708}"
EndProject
Project("{FAE04EC0-301F-11D3-BF4B-00C04F79EFBC}") = "Services", "Services\Services.csproj", "{72426117-001D-43DF-8C39-62B8DFAF6E72}"
EndProject
Project("{FAE04EC0-301F-11D3-BF4B-00C04F79EFBC}") = "AbstractModels", "AbstractModels\AbstractModels.csproj", "{7539477F-7771-4870-BE55-52B80001D73B}"
EndProject
Global
	GlobalSection(SolutionConfigurationPlatforms) = preSolution
		Debug|Any CPU = Debug|Any CPU
		Release|Any CPU = Release|Any CPU
	EndGlobalSection
	GlobalSection(ProjectConfigurationPlatforms) = postSolution
		{EAB766FB-6FE5-4728-927E-0D5BD8874DD2}.Debug|Any CPU.ActiveCfg = Debug|Any CPU
		{EAB766FB-6FE5-4728-927E-0D5BD8874DD2}.Debug|Any CPU.Build.0 = Debug|Any CPU
		{EAB766FB-6FE5-4728-927E-0D5BD8874DD2}.Release|Any CPU.ActiveCfg = Release|Any CPU
		{EAB766FB-6FE5-4728-927E-0D5BD8874DD2}.Release|Any CPU.Build.0 = Release|Any CPU
		{4F031DE5-EB70-4567-89EB-296D881A9B13}.Debug|Any CPU.ActiveCfg = Debug|Any CPU
		{4F031DE5-EB70-4567-89EB-296D881A9B13}.Debug|Any CPU.Build.0 = Debug|Any CPU
		{4F031DE5-EB70-4567-89EB-296D881A9B13}.Release|Any CPU.ActiveCfg = Release|Any CPU
		{4F031DE5-EB70-4567-89EB-296D881A9B13}.Release|Any CPU.Build.0 = Release|Any CPU
		{96DAD293-4885-4339-AAA8-3F0FE3980708}.Debug|Any CPU.ActiveCfg = Debug|Any CPU
		{96DAD293-4885-4339-AAA8-3F0FE3980708}.Debug|Any CPU.Build.0 = Debug|Any CPU
		{96DAD293-4885-4339-AAA8-3F0FE3980708}.Release|Any CPU.ActiveCfg = Release|Any CPU
		{96DAD293-4885-4339-AAA8-3F0FE3980708}.Release|Any CPU.Build.0 = Release|Any CPU
		{72426117-001D-43DF-8C39-62B8DFAF6E72}.Debug|Any CPU.ActiveCfg = Debug|Any CPU
		{72426117-001D-43DF-8C39-62B8DFAF6E72}.Debug|Any CPU.Build.0 = Debug|Any CPU
		{72426117-001D-43DF-8C39-62B8DFAF6E72}.Release|Any CPU.ActiveCfg = Release|Any CPU
		{72426117-001D-43DF-8C39-62B8DFAF6E72}.Release|Any CPU.Build.0 = Release|Any CPU
		{7539477F-7771-4870-BE55-52B80001D73B}.Debug|Any CPU.ActiveCfg = Debug|Any CPU
		{7539477F-7771-4870-BE55-52B80001D73B}.Debug|Any CPU.Build.0 = Debug|Any CPU
		{7539477F-7771-4870-BE55-52B80001D73B}.Release|Any CPU.ActiveCfg = Release|Any CPU
		{7539477F-7771-4870-BE55-52B80001D73B}.Release|Any CPU.Build.0 = Release|Any CPU
	EndGlobalSection
	GlobalSection(SolutionProperties) = preSolution
		HideSolutionNode = FALSE
	EndGlobalSection
	GlobalSection(ExtensibilityGlobals) = postSolution
		SolutionGuid = {08316D0A-A3F3-4C84-8464-E880AC1D5EF4}
	EndGlobalSection
EndGlobal
